[{<<"color">>,
  {git,"https://github.com/julianduque/erlang-color.git",
       {ref,"2e538a3360cfdf47906929a04b9471a1f5320afe"}},
  1},
 {<<"lfe">>,
  {git,"https://github.com/rvirding/lfe.git",
       {ref,"e035006a486278c5ad8b8b04d14d5ef3dede64f7"}},
  2},
 {<<"lfe-version">>,
  {git,"https://github.com/lfe-rebar3/version.git",
       {ref,"c1cc333e4b7c405774bfb71df7c37635bd7988e9"}},
  0},
 {<<"ltest">>,
  {git,"https://github.com/lfex/ltest.git",
       {ref,"5f6fb2881da420b5540390022813c30c41920f8f"}},
  0},
 {<<"lutil">>,
  {git,"https://github.com/lfex/lutil.git",
       {ref,"76231c612664340f60ae40709955c57ef8be2053"}},
  1}].
